PODS:
  - Alamofire (4.3.0)
  - InputMask (2.2.1)
  - SwiftLint (0.16.1)

DEPENDENCIES:
  - Alamofire (~> 4.3)
  - InputMask
  - SwiftLint

SPEC CHECKSUMS:
  Alamofire: 856a113053a7bc9cbe5d6367a555d773fc5cfef7
  InputMask: 8d3dd6953ac869dfb8a602c8b2f380a6e19f5e50
  SwiftLint: b8b683208cc09640898f16318a7a452274e91f61

PODFILE CHECKSUM: 245b7fa5a0b1955e036056f962b57c1f724284da

COCOAPODS: 1.2.1
